{
    "_readme": [
        "This file locks the dependencies of your project to a known state",
        "Read more about it at https://getcomposer.org/doc/01-basic-usage.md#installing-dependencies",
        "This file is @generated automatically"
    ],
    "content-hash": "869fa28b1a0f1fba6cf67d74b88814ad",
    "packages": [
        {
            "name": "squizlabs/php_codesniffer",
            "version": "3.6.0",
            "source": {
                "type": "git",
                "url": "https://github.com/squizlabs/PHP_CodeSniffer.git",
                "reference": "ffced0d2c8fa8e6cdc4d695a743271fab6c38625"
            },
            "dist": {
                "type": "zip",
                "url": "https://api.github.com/repos/squizlabs/PHP_CodeSniffer/zipball/ffced0d2c8fa8e6cdc4d695a743271fab6c38625",
                "reference": "ffced0d2c8fa8e6cdc4d695a743271fab6c38625",
                "shasum": ""
            },
            "require": {
                "ext-simplexml": "*",
                "ext-tokenizer": "*",
                "ext-xmlwriter": "*",
                "php": ">=5.4.0"
            },
            "require-dev": {
                "phpunit/phpunit": "^4.0 || ^5.0 || ^6.0 || ^7.0"
            },
            "bin": [
                "bin/phpcs",
                "bin/phpcbf"
            ],
            "type": "library",
            "extra": {
                "branch-alias": {
                    "dev-master": "3.x-dev"
                }
            },
            "notification-url": "https://packagist.org/downloads/",
            "license": [
                "BSD-3-Clause"
            ],
            "authors": [
                {
                    "name": "Greg Sherwood",
                    "role": "lead"
                }
            ],
            "description": "PHP_CodeSniffer tokenizes PHP, JavaScript and CSS files and detects violations of a defined set of coding standards.",
            "homepage": "https://github.com/squizlabs/PHP_CodeSniffer",
            "keywords": [
                "phpcs",
                "standards"
            ],
            "support": {
                "issues": "https://github.com/squizlabs/PHP_CodeSniffer/issues",
                "source": "https://github.com/squizlabs/PHP_CodeSniffer",
                "wiki": "https://github.com/squizlabs/PHP_CodeSniffer/wiki"
            },
            "time": "2021-04-09T00:54:41+00:00"
        },
        {
            "name": "wppconnect-team/wppconnect-php-client",
            "version": "v2.0.2",
            "source": {
                "type": "git",
                "url": "https://github.com/wppconnect-team/wppconnect-php-client.git",
                "reference": "265ba7ba26fedc8616d8433c2ffbd5f166880964"
            },
            "dist": {
                "type": "zip",
                "url": "https://api.github.com/repos/wppconnect-team/wppconnect-php-client/zipball/265ba7ba26fedc8616d8433c2ffbd5f166880964",
                "reference": "265ba7ba26fedc8616d8433c2ffbd5f166880964",
                "shasum": ""
            },
            "require": {
                "php": ">=7.3",
                "squizlabs/php_codesniffer": "3.6.0"
            },
            "type": "libr",
            "autoload": {
                "psr-4": {
                    "WPPConnect\\": "src/"
                }
            },
            "notification-url": "https://packagist.org/downloads/",
            "license": [
                "Apache-2.0"
            ],
            "authors": [
                {
                    "name": "bgastaldi"
                }
            ],
            "description": "Um simples cliente PHP que proporciona acesso fácil aos endpoints do WPPConnect Server.",
            "homepage": "https://github.com/wppconnect-team/wppconnect-php-client",
            "keywords": [
                "php",
                "rest client",
                "wppconnect"
            ],
            "support": {
                "issues": "https://github.com/wppconnect-team/wppconnect-php-client/issues",
                "source": "https://github.com/wppconnect-team/wppconnect-php-client/tree/v2.0.2"
            },
            "time": "2021-09-06T20:52:34+00:00"
        }
    ],
    "packages-dev": [],
    "aliases": [],
    "minimum-stability": "stable",
    "stability-flags": [],
    "prefer-stable": false,
    "prefer-lowest": false,
    "platform": [],
    "platform-dev": [],
    "plugin-api-version": "2.1.0"
}
